// !$*UTF8*$!
{
	archiveVersion = 1;
	classes = {
	};
	objectVersion = 52;
	objects = {

/* Begin PBXBuildFile section */
		EA1E374125E028BB00C88BAF /* AppDelegate.swift in Sources */ = {isa = PBXBuildFile; fileRef = EA1E374025E028BB00C88BAF /* AppDelegate.swift */; };
		EA1E374325E028BB00C88BAF /* SceneDelegate.swift in Sources */ = {isa = PBXBuildFile; fileRef = EA1E374225E028BB00C88BAF /* SceneDelegate.swift */; };
		EA1E374525E028BB00C88BAF /* ContentView.swift in Sources */ = {isa = PBXBuildFile; fileRef = EA1E374425E028BB00C88BAF /* ContentView.swift */; };
		EA1E374725E028C000C88BAF /* Assets.xcassets in Resources */ = {isa = PBXBuildFile; fileRef = EA1E374625E028C000C88BAF /* Assets.xcassets */; };
		EA1E374A25E028C000C88BAF /* Preview Assets.xcassets in Resources */ = {isa = PBXBuildFile; fileRef = EA1E374925E028C000C88BAF /* Preview Assets.xcassets */; };
		EA1E374D25E028C000C88BAF /* LaunchScreen.storyboard in Resources */ = {isa = PBXBuildFile; fileRef = EA1E374B25E028C000C88BAF /* LaunchScreen.storyboard */; };
		EA1E376725E02B8B00C88BAF /* TextField+ClearButton.swift in Sources */ = {isa = PBXBuildFile; fileRef = EA1E375725E02B8B00C88BAF /* TextField+ClearButton.swift */; };
		EA1E376825E02B8B00C88BAF /* TTapDismissKeyboard.swift in Sources */ = {isa = PBXBuildFile; fileRef = EA1E375925E02B8B00C88BAF /* TTapDismissKeyboard.swift */; };
		EA1E376925E02B8B00C88BAF /* THaptics.swift in Sources */ = {isa = PBXBuildFile; fileRef = EA1E375A25E02B8B00C88BAF /* THaptics.swift */; };
		EA1E376A25E02B8B00C88BAF /* TRunBlock.swift in Sources */ = {isa = PBXBuildFile; fileRef = EA1E375B25E02B8B00C88BAF /* TRunBlock.swift */; };
		EA1E376B25E02B8B00C88BAF /* TBlurView.swift in Sources */ = {isa = PBXBuildFile; fileRef = EA1E375C25E02B8B00C88BAF /* TBlurView.swift */; };
		EA1E376C25E02B8B00C88BAF /* TNonDismissableSheet.swift in Sources */ = {isa = PBXBuildFile; fileRef = EA1E375D25E02B8B00C88BAF /* TNonDismissableSheet.swift */; };
		EA1E376D25E02B8B00C88BAF /* TFillerZView.swift in Sources */ = {isa = PBXBuildFile; fileRef = EA1E375E25E02B8B00C88BAF /* TFillerZView.swift */; };
		EA1E376E25E02B8B00C88BAF /* TFloatingButtonShadow.swift in Sources */ = {isa = PBXBuildFile; fileRef = EA1E375F25E02B8B00C88BAF /* TFloatingButtonShadow.swift */; };
		EA1E376F25E02B8B00C88BAF /* TConditionalModifier.swift in Sources */ = {isa = PBXBuildFile; fileRef = EA1E376025E02B8B00C88BAF /* TConditionalModifier.swift */; };
		EA1E377025E02B8B00C88BAF /* TRoundCorners.swift in Sources */ = {isa = PBXBuildFile; fileRef = EA1E376125E02B8B00C88BAF /* TRoundCorners.swift */; };
		EA1E377125E02B8B00C88BAF /* Extensions.swift in Sources */ = {isa = PBXBuildFile; fileRef = EA1E376225E02B8B00C88BAF /* Extensions.swift */; };
		EA1E377225E02B8B00C88BAF /* AnimatableFontSize.swift in Sources */ = {isa = PBXBuildFile; fileRef = EA1E376325E02B8B00C88BAF /* AnimatableFontSize.swift */; };
		EA1E377325E02B8B00C88BAF /* SlideAnimatedTransitioning.swift in Sources */ = {isa = PBXBuildFile; fileRef = EA1E376525E02B8B00C88BAF /* SlideAnimatedTransitioning.swift */; };
		EA1E377425E02B8B00C88BAF /* SwipeRightToPopViewController.swift in Sources */ = {isa = PBXBuildFile; fileRef = EA1E376625E02B8B00C88BAF /* SwipeRightToPopViewController.swift */; };
		EA1E378125E02C4800C88BAF /* SwiftUIX in Frameworks */ = {isa = PBXBuildFile; productRef = EA1E378025E02C4800C88BAF /* SwiftUIX */; };
		EA1E378525E02CD100C88BAF /* iPodClassic.swift in Sources */ = {isa = PBXBuildFile; fileRef = EA1E378425E02CD100C88BAF /* iPodClassic.swift */; };
		EA1E378A25E0300C00C88BAF /* MainMenu.swift in Sources */ = {isa = PBXBuildFile; fileRef = EA1E378925E0300C00C88BAF /* MainMenu.swift */; };
		EA1E378E25E0304300C88BAF /* iPodClickWheel.swift in Sources */ = {isa = PBXBuildFile; fileRef = EA1E378D25E0304300C88BAF /* iPodClickWheel.swift */; };
		EA1E379225E0306400C88BAF /* iPodStatusBar.swift in Sources */ = {isa = PBXBuildFile; fileRef = EA1E379125E0306400C88BAF /* iPodStatusBar.swift */; };
		EA1E379525E0308900C88BAF /* PlayShape.swift in Sources */ = {isa = PBXBuildFile; fileRef = EA1E379425E0308900C88BAF /* PlayShape.swift */; };
		EA1E379825E030C800C88BAF /* SoundManager.swift in Sources */ = {isa = PBXBuildFile; fileRef = EA1E379725E030C800C88BAF /* SoundManager.swift */; };
		EA5E76E525E1BACE004587E2 /* SongsListView.swift in Sources */ = {isa = PBXBuildFile; fileRef = EA5E76E425E1BACE004587E2 /* SongsListView.swift */; };
		EA5E76E825E1BB6A004587E2 /* SongsListViewModel.swift in Sources */ = {isa = PBXBuildFile; fileRef = EA5E76E725E1BB6A004587E2 /* SongsListViewModel.swift */; };
		EA5E76EC25E1FAA1004587E2 /* PlaylistsListView.swift in Sources */ = {isa = PBXBuildFile; fileRef = EA5E76EB25E1FAA1004587E2 /* PlaylistsListView.swift */; };
		EA5E76EF25E1FAC2004587E2 /* PlaylistListViewModel.swift in Sources */ = {isa = PBXBuildFile; fileRef = EA5E76EE25E1FAC2004587E2 /* PlaylistListViewModel.swift */; };
		EA71B0A025E0F4EE00FCF427 /* iPodDisplay.swift in Sources */ = {isa = PBXBuildFile; fileRef = EA71B09F25E0F4EE00FCF427 /* iPodDisplay.swift */; };
		EA71B0A525E0F64300FCF427 /* DisplayViewModel.swift in Sources */ = {isa = PBXBuildFile; fileRef = EA71B0A425E0F64300FCF427 /* DisplayViewModel.swift */; };
		EA71B0A825E168EB00FCF427 /* NowPlayingView.swift in Sources */ = {isa = PBXBuildFile; fileRef = EA71B0A725E168EB00FCF427 /* NowPlayingView.swift */; };
		EA71B0AB25E1692E00FCF427 /* NowPlayingViewModel.swift in Sources */ = {isa = PBXBuildFile; fileRef = EA71B0AA25E1692E00FCF427 /* NowPlayingViewModel.swift */; };
		EA8F6D9925E0529800ED99D4 /* Test.swift in Sources */ = {isa = PBXBuildFile; fileRef = EA8F6D9825E0529800ED99D4 /* Test.swift */; };
		EA8F6D9C25E052AE00ED99D4 /* MusicMenuViewModel.swift in Sources */ = {isa = PBXBuildFile; fileRef = EA8F6D9B25E052AE00ED99D4 /* MusicMenuViewModel.swift */; };
		EA8F6D9F25E0573E00ED99D4 /* MusicManager.swift in Sources */ = {isa = PBXBuildFile; fileRef = EA8F6D9E25E0573E00ED99D4 /* MusicManager.swift */; };
		EAE0A3E525E09A1800632290 /* MainMenuViewModel.swift in Sources */ = {isa = PBXBuildFile; fileRef = EAE0A3E425E09A1800632290 /* MainMenuViewModel.swift */; };
		EAE0A3E925E0B7F300632290 /* MenuViewModel.swift in Sources */ = {isa = PBXBuildFile; fileRef = EAE0A3E825E0B7F300632290 /* MenuViewModel.swift */; };
		EAE0A3ED25E0B8EB00632290 /* MusicMenu.swift in Sources */ = {isa = PBXBuildFile; fileRef = EAE0A3EC25E0B8EB00632290 /* MusicMenu.swift */; };
		EAEE65A625E1958A003A654A /* OnboardingPage.swift in Sources */ = {isa = PBXBuildFile; fileRef = EAEE65A125E1958A003A654A /* OnboardingPage.swift */; };
		EAEE65A725E1958A003A654A /* OnboardingiPodDisplay.swift in Sources */ = {isa = PBXBuildFile; fileRef = EAEE65A225E1958A003A654A /* OnboardingiPodDisplay.swift */; };
		EAEE65A825E1958A003A654A /* OnboardingScene.swift in Sources */ = {isa = PBXBuildFile; fileRef = EAEE65A325E1958A003A654A /* OnboardingScene.swift */; };
		EAEE65A925E1958A003A654A /* iPodSlides.swift in Sources */ = {isa = PBXBuildFile; fileRef = EAEE65A425E1958A003A654A /* iPodSlides.swift */; };
		EAEE65AA25E1958A003A654A /* OnboardingView.swift in Sources */ = {isa = PBXBuildFile; fileRef = EAEE65A525E1958A003A654A /* OnboardingView.swift */; };
/* End PBXBuildFile section */

/* Begin PBXFileReference section */
		EA1E373D25E028BB00C88BAF /* SwiftUI-Jam-2020.app */ = {isa = PBXFileReference; explicitFileType = wrapper.application; includeInIndex = 0; path = "SwiftUI-Jam-2020.app"; sourceTree = BUILT_PRODUCTS_DIR; };
		EA1E374025E028BB00C88BAF /* AppDelegate.swift */ = {isa = PBXFileReference; lastKnownFileType = sourcecode.swift; path = AppDelegate.swift; sourceTree = "<group>"; };
		EA1E374225E028BB00C88BAF /* SceneDelegate.swift */ = {isa = PBXFileReference; lastKnownFileType = sourcecode.swift; path = SceneDelegate.swift; sourceTree = "<group>"; };
		EA1E374425E028BB00C88BAF /* ContentView.swift */ = {isa = PBXFileReference; lastKnownFileType = sourcecode.swift; path = ContentView.swift; sourceTree = "<group>"; };
		EA1E374625E028C000C88BAF /* Assets.xcassets */ = {isa = PBXFileReference; lastKnownFileType = folder.assetcatalog; path = Assets.xcassets; sourceTree = "<group>"; };
		EA1E374925E028C000C88BAF /* Preview Assets.xcassets */ = {isa = PBXFileReference; lastKnownFileType = folder.assetcatalog; path = "Preview Assets.xcassets"; sourceTree = "<group>"; };
		EA1E374C25E028C000C88BAF /* Base */ = {isa = PBXFileReference; lastKnownFileType = file.storyboard; name = Base; path = Base.lproj/LaunchScreen.storyboard; sourceTree = "<group>"; };
		EA1E374E25E028C000C88BAF /* Info.plist */ = {isa = PBXFileReference; lastKnownFileType = text.plist.xml; path = Info.plist; sourceTree = "<group>"; };
		EA1E375725E02B8B00C88BAF /* TextField+ClearButton.swift */ = {isa = PBXFileReference; fileEncoding = 4; lastKnownFileType = sourcecode.swift; path = "TextField+ClearButton.swift"; sourceTree = "<group>"; };
		EA1E375925E02B8B00C88BAF /* TTapDismissKeyboard.swift */ = {isa = PBXFileReference; fileEncoding = 4; lastKnownFileType = sourcecode.swift; path = TTapDismissKeyboard.swift; sourceTree = "<group>"; };
		EA1E375A25E02B8B00C88BAF /* THaptics.swift */ = {isa = PBXFileReference; fileEncoding = 4; lastKnownFileType = sourcecode.swift; path = THaptics.swift; sourceTree = "<group>"; };
		EA1E375B25E02B8B00C88BAF /* TRunBlock.swift */ = {isa = PBXFileReference; fileEncoding = 4; lastKnownFileType = sourcecode.swift; path = TRunBlock.swift; sourceTree = "<group>"; };
		EA1E375C25E02B8B00C88BAF /* TBlurView.swift */ = {isa = PBXFileReference; fileEncoding = 4; lastKnownFileType = sourcecode.swift; path = TBlurView.swift; sourceTree = "<group>"; };
		EA1E375D25E02B8B00C88BAF /* TNonDismissableSheet.swift */ = {isa = PBXFileReference; fileEncoding = 4; lastKnownFileType = sourcecode.swift; path = TNonDismissableSheet.swift; sourceTree = "<group>"; };
		EA1E375E25E02B8B00C88BAF /* TFillerZView.swift */ = {isa = PBXFileReference; fileEncoding = 4; lastKnownFileType = sourcecode.swift; path = TFillerZView.swift; sourceTree = "<group>"; };
		EA1E375F25E02B8B00C88BAF /* TFloatingButtonShadow.swift */ = {isa = PBXFileReference; fileEncoding = 4; lastKnownFileType = sourcecode.swift; path = TFloatingButtonShadow.swift; sourceTree = "<group>"; };
		EA1E376025E02B8B00C88BAF /* TConditionalModifier.swift */ = {isa = PBXFileReference; fileEncoding = 4; lastKnownFileType = sourcecode.swift; path = TConditionalModifier.swift; sourceTree = "<group>"; };
		EA1E376125E02B8B00C88BAF /* TRoundCorners.swift */ = {isa = PBXFileReference; fileEncoding = 4; lastKnownFileType = sourcecode.swift; path = TRoundCorners.swift; sourceTree = "<group>"; };
		EA1E376225E02B8B00C88BAF /* Extensions.swift */ = {isa = PBXFileReference; fileEncoding = 4; lastKnownFileType = sourcecode.swift; path = Extensions.swift; sourceTree = "<group>"; };
		EA1E376325E02B8B00C88BAF /* AnimatableFontSize.swift */ = {isa = PBXFileReference; fileEncoding = 4; lastKnownFileType = sourcecode.swift; path = AnimatableFontSize.swift; sourceTree = "<group>"; };
		EA1E376525E02B8B00C88BAF /* SlideAnimatedTransitioning.swift */ = {isa = PBXFileReference; fileEncoding = 4; lastKnownFileType = sourcecode.swift; path = SlideAnimatedTransitioning.swift; sourceTree = "<group>"; };
		EA1E376625E02B8B00C88BAF /* SwipeRightToPopViewController.swift */ = {isa = PBXFileReference; fileEncoding = 4; lastKnownFileType = sourcecode.swift; path = SwipeRightToPopViewController.swift; sourceTree = "<group>"; };
		EA1E378425E02CD100C88BAF /* iPodClassic.swift */ = {isa = PBXFileReference; lastKnownFileType = sourcecode.swift; path = iPodClassic.swift; sourceTree = SOURCE_ROOT; };
		EA1E378925E0300C00C88BAF /* MainMenu.swift */ = {isa = PBXFileReference; lastKnownFileType = sourcecode.swift; path = MainMenu.swift; sourceTree = "<group>"; };
		EA1E378D25E0304300C88BAF /* iPodClickWheel.swift */ = {isa = PBXFileReference; lastKnownFileType = sourcecode.swift; path = iPodClickWheel.swift; sourceTree = "<group>"; };
		EA1E379125E0306400C88BAF /* iPodStatusBar.swift */ = {isa = PBXFileReference; lastKnownFileType = sourcecode.swift; path = iPodStatusBar.swift; sourceTree = "<group>"; };
		EA1E379425E0308900C88BAF /* PlayShape.swift */ = {isa = PBXFileReference; lastKnownFileType = sourcecode.swift; path = PlayShape.swift; sourceTree = "<group>"; };
		EA1E379725E030C800C88BAF /* SoundManager.swift */ = {isa = PBXFileReference; lastKnownFileType = sourcecode.swift; path = SoundManager.swift; sourceTree = "<group>"; };
		EA5E76E425E1BACE004587E2 /* SongsListView.swift */ = {isa = PBXFileReference; lastKnownFileType = sourcecode.swift; path = SongsListView.swift; sourceTree = "<group>"; };
		EA5E76E725E1BB6A004587E2 /* SongsListViewModel.swift */ = {isa = PBXFileReference; lastKnownFileType = sourcecode.swift; path = SongsListViewModel.swift; sourceTree = "<group>"; };
		EA5E76EB25E1FAA1004587E2 /* PlaylistsListView.swift */ = {isa = PBXFileReference; lastKnownFileType = sourcecode.swift; path = PlaylistsListView.swift; sourceTree = "<group>"; };
		EA5E76EE25E1FAC2004587E2 /* PlaylistListViewModel.swift */ = {isa = PBXFileReference; lastKnownFileType = sourcecode.swift; path = PlaylistListViewModel.swift; sourceTree = "<group>"; };
		EA71B09F25E0F4EE00FCF427 /* iPodDisplay.swift */ = {isa = PBXFileReference; lastKnownFileType = sourcecode.swift; path = iPodDisplay.swift; sourceTree = "<group>"; };
		EA71B0A425E0F64300FCF427 /* DisplayViewModel.swift */ = {isa = PBXFileReference; lastKnownFileType = sourcecode.swift; path = DisplayViewModel.swift; sourceTree = "<group>"; };
		EA71B0A725E168EB00FCF427 /* NowPlayingView.swift */ = {isa = PBXFileReference; lastKnownFileType = sourcecode.swift; path = NowPlayingView.swift; sourceTree = "<group>"; };
		EA71B0AA25E1692E00FCF427 /* NowPlayingViewModel.swift */ = {isa = PBXFileReference; lastKnownFileType = sourcecode.swift; path = NowPlayingViewModel.swift; sourceTree = "<group>"; };
		EA8F6D9825E0529800ED99D4 /* Test.swift */ = {isa = PBXFileReference; lastKnownFileType = sourcecode.swift; path = Test.swift; sourceTree = "<group>"; };
		EA8F6D9B25E052AE00ED99D4 /* MusicMenuViewModel.swift */ = {isa = PBXFileReference; lastKnownFileType = sourcecode.swift; path = MusicMenuViewModel.swift; sourceTree = "<group>"; };
		EA8F6D9E25E0573E00ED99D4 /* MusicManager.swift */ = {isa = PBXFileReference; lastKnownFileType = sourcecode.swift; path = MusicManager.swift; sourceTree = "<group>"; };
		EAE0A3E425E09A1800632290 /* MainMenuViewModel.swift */ = {isa = PBXFileReference; lastKnownFileType = sourcecode.swift; path = MainMenuViewModel.swift; sourceTree = "<group>"; };
		EAE0A3E825E0B7F300632290 /* MenuViewModel.swift */ = {isa = PBXFileReference; lastKnownFileType = sourcecode.swift; path = MenuViewModel.swift; sourceTree = "<group>"; };
		EAE0A3EC25E0B8EB00632290 /* MusicMenu.swift */ = {isa = PBXFileReference; lastKnownFileType = sourcecode.swift; path = MusicMenu.swift; sourceTree = "<group>"; };
		EAEE65A125E1958A003A654A /* OnboardingPage.swift */ = {isa = PBXFileReference; fileEncoding = 4; lastKnownFileType = sourcecode.swift; path = OnboardingPage.swift; sourceTree = "<group>"; };
		EAEE65A225E1958A003A654A /* OnboardingiPodDisplay.swift */ = {isa = PBXFileReference; fileEncoding = 4; lastKnownFileType = sourcecode.swift; path = OnboardingiPodDisplay.swift; sourceTree = "<group>"; };
		EAEE65A325E1958A003A654A /* OnboardingScene.swift */ = {isa = PBXFileReference; fileEncoding = 4; lastKnownFileType = sourcecode.swift; path = OnboardingScene.swift; sourceTree = "<group>"; };
		EAEE65A425E1958A003A654A /* iPodSlides.swift */ = {isa = PBXFileReference; fileEncoding = 4; lastKnownFileType = sourcecode.swift; path = iPodSlides.swift; sourceTree = "<group>"; };
		EAEE65A525E1958A003A654A /* OnboardingView.swift */ = {isa = PBXFileReference; fileEncoding = 4; lastKnownFileType = sourcecode.swift; path = OnboardingView.swift; sourceTree = "<group>"; };
/* End PBXFileReference section */

/* Begin PBXFrameworksBuildPhase section */
		EA1E373A25E028BB00C88BAF /* Frameworks */ = {
			isa = PBXFrameworksBuildPhase;
			buildActionMask = 2147483647;
			files = (
				EA1E378125E02C4800C88BAF /* SwiftUIX in Frameworks */,
			);
			runOnlyForDeploymentPostprocessing = 0;
		};
/* End PBXFrameworksBuildPhase section */

/* Begin PBXGroup section */
		EA1E373425E028BB00C88BAF = {
			isa = PBXGroup;
			children = (
				EA1E373F25E028BB00C88BAF /* SwiftUI-Jam-2020 */,
				EA1E373E25E028BB00C88BAF /* Products */,
			);
			sourceTree = "<group>";
		};
		EA1E373E25E028BB00C88BAF /* Products */ = {
			isa = PBXGroup;
			children = (
				EA1E373D25E028BB00C88BAF /* SwiftUI-Jam-2020.app */,
			);
			name = Products;
			sourceTree = "<group>";
		};
		EA1E373F25E028BB00C88BAF /* SwiftUI-Jam-2020 */ = {
			isa = PBXGroup;
			children = (
				EA1E374025E028BB00C88BAF /* AppDelegate.swift */,
				EA1E374225E028BB00C88BAF /* SceneDelegate.swift */,
				EA1E374425E028BB00C88BAF /* ContentView.swift */,
				EA1E377625E02B9400C88BAF /* Models */,
				EA1E377725E02BA500C88BAF /* ViewModels */,
				EA1E377825E02BAD00C88BAF /* Views */,
				EA1E377925E02BB300C88BAF /* Services */,
				EA1E375625E02B8B00C88BAF /* Util */,
				EA1E377A25E02BDB00C88BAF /* Supporting Files */,
			);
			path = "SwiftUI-Jam-2020";
			sourceTree = "<group>";
		};
		EA1E374825E028C000C88BAF /* Preview Content */ = {
			isa = PBXGroup;
			children = (
				EA1E374925E028C000C88BAF /* Preview Assets.xcassets */,
			);
			path = "Preview Content";
			sourceTree = "<group>";
		};
		EA1E375625E02B8B00C88BAF /* Util */ = {
			isa = PBXGroup;
			children = (
				EA1E375725E02B8B00C88BAF /* TextField+ClearButton.swift */,
				EA1E375825E02B8B00C88BAF /* T */,
				EA1E376225E02B8B00C88BAF /* Extensions.swift */,
				EA1E376325E02B8B00C88BAF /* AnimatableFontSize.swift */,
				EA1E376425E02B8B00C88BAF /* LazyPop */,
			);
			path = Util;
			sourceTree = "<group>";
		};
		EA1E375825E02B8B00C88BAF /* T */ = {
			isa = PBXGroup;
			children = (
				EA1E375925E02B8B00C88BAF /* TTapDismissKeyboard.swift */,
				EA1E375A25E02B8B00C88BAF /* THaptics.swift */,
				EA1E375B25E02B8B00C88BAF /* TRunBlock.swift */,
				EA1E375C25E02B8B00C88BAF /* TBlurView.swift */,
				EA1E375D25E02B8B00C88BAF /* TNonDismissableSheet.swift */,
				EA1E375E25E02B8B00C88BAF /* TFillerZView.swift */,
				EA1E375F25E02B8B00C88BAF /* TFloatingButtonShadow.swift */,
				EA1E376025E02B8B00C88BAF /* TConditionalModifier.swift */,
				EA1E376125E02B8B00C88BAF /* TRoundCorners.swift */,
			);
			path = T;
			sourceTree = "<group>";
		};
		EA1E376425E02B8B00C88BAF /* LazyPop */ = {
			isa = PBXGroup;
			children = (
				EA1E376525E02B8B00C88BAF /* SlideAnimatedTransitioning.swift */,
				EA1E376625E02B8B00C88BAF /* SwipeRightToPopViewController.swift */,
			);
			path = LazyPop;
			sourceTree = "<group>";
		};
		EA1E377625E02B9400C88BAF /* Models */ = {
			isa = PBXGroup;
			children = (
				EA8F6D9825E0529800ED99D4 /* Test.swift */,
			);
			path = Models;
			sourceTree = "<group>";
		};
		EA1E377725E02BA500C88BAF /* ViewModels */ = {
			isa = PBXGroup;
			children = (
				EA71B0A425E0F64300FCF427 /* DisplayViewModel.swift */,
				EA71B0A225E0F62700FCF427 /* Menus */,
				EA71B0AA25E1692E00FCF427 /* NowPlayingViewModel.swift */,
				EA5E76E725E1BB6A004587E2 /* SongsListViewModel.swift */,
				EA5E76EE25E1FAC2004587E2 /* PlaylistListViewModel.swift */,
			);
			path = ViewModels;
			sourceTree = "<group>";
		};
		EA1E377825E02BAD00C88BAF /* Views */ = {
			isa = PBXGroup;
			children = (
				EAE0A3EB25E0B8DB00632290 /* Menus */,
				EA1E378325E02CBB00C88BAF /* Devices */,
				EAEE65A025E1958A003A654A /* Onboarding */,
				EA71B0A725E168EB00FCF427 /* NowPlayingView.swift */,
				EA5E76E425E1BACE004587E2 /* SongsListView.swift */,
				EA5E76EB25E1FAA1004587E2 /* PlaylistsListView.swift */,
			);
			path = Views;
			sourceTree = "<group>";
		};
		EA1E377925E02BB300C88BAF /* Services */ = {
			isa = PBXGroup;
			children = (
				EA8F6D9E25E0573E00ED99D4 /* MusicManager.swift */,
				EA1E379725E030C800C88BAF /* SoundManager.swift */,
			);
			path = Services;
			sourceTree = "<group>";
		};
		EA1E377A25E02BDB00C88BAF /* Supporting Files */ = {
			isa = PBXGroup;
			children = (
				EA1E374625E028C000C88BAF /* Assets.xcassets */,
				EA1E374B25E028C000C88BAF /* LaunchScreen.storyboard */,
				EA1E374E25E028C000C88BAF /* Info.plist */,
				EA1E374825E028C000C88BAF /* Preview Content */,
			);
			path = "Supporting Files";
			sourceTree = "<group>";
		};
		EA1E378325E02CBB00C88BAF /* Devices */ = {
			isa = PBXGroup;
			children = (
				EA1E378C25E0303200C88BAF /* Shared */,
				EA1E378425E02CD100C88BAF /* iPodClassic.swift */,
			);
			path = Devices;
			sourceTree = "<group>";
		};
		EA1E378C25E0303200C88BAF /* Shared */ = {
			isa = PBXGroup;
			children = (
				EA1E378D25E0304300C88BAF /* iPodClickWheel.swift */,
				EA1E379125E0306400C88BAF /* iPodStatusBar.swift */,
				EA1E379425E0308900C88BAF /* PlayShape.swift */,
				EA71B09F25E0F4EE00FCF427 /* iPodDisplay.swift */,
			);
			path = Shared;
			sourceTree = "<group>";
		};
		EA71B0A225E0F62700FCF427 /* Menus */ = {
			isa = PBXGroup;
			children = (
				EAE0A3E825E0B7F300632290 /* MenuViewModel.swift */,
				EAE0A3E425E09A1800632290 /* MainMenuViewModel.swift */,
				EA8F6D9B25E052AE00ED99D4 /* MusicMenuViewModel.swift */,
			);
			path = Menus;
			sourceTree = "<group>";
		};
		EAE0A3EB25E0B8DB00632290 /* Menus */ = {
			isa = PBXGroup;
			children = (
				EA1E378925E0300C00C88BAF /* MainMenu.swift */,
				EAE0A3EC25E0B8EB00632290 /* MusicMenu.swift */,
			);
			path = Menus;
			sourceTree = "<group>";
		};
		EAEE65A025E1958A003A654A /* Onboarding */ = {
			isa = PBXGroup;
			children = (
				EAEE65A525E1958A003A654A /* OnboardingView.swift */,
				EAEE65A125E1958A003A654A /* OnboardingPage.swift */,
				EAEE65A325E1958A003A654A /* OnboardingScene.swift */,
				EAEE65A225E1958A003A654A /* OnboardingiPodDisplay.swift */,
				EAEE65A425E1958A003A654A /* iPodSlides.swift */,
			);
			path = Onboarding;
			sourceTree = "<group>";
		};
/* End PBXGroup section */

/* Begin PBXNativeTarget section */
		EA1E373C25E028BB00C88BAF /* SwiftUI-Jam-2020 */ = {
			isa = PBXNativeTarget;
			buildConfigurationList = EA1E375125E028C000C88BAF /* Build configuration list for PBXNativeTarget "SwiftUI-Jam-2020" */;
			buildPhases = (
				EA1E373925E028BB00C88BAF /* Sources */,
				EA1E373A25E028BB00C88BAF /* Frameworks */,
				EA1E373B25E028BB00C88BAF /* Resources */,
			);
			buildRules = (
			);
			dependencies = (
			);
			name = "SwiftUI-Jam-2020";
			packageProductDependencies = (
				EA1E378025E02C4800C88BAF /* SwiftUIX */,
			);
			productName = "SwiftUI-Jam-2020";
			productReference = EA1E373D25E028BB00C88BAF /* SwiftUI-Jam-2020.app */;
			productType = "com.apple.product-type.application";
		};
/* End PBXNativeTarget section */

/* Begin PBXProject section */
		EA1E373525E028BB00C88BAF /* Project object */ = {
			isa = PBXProject;
			attributes = {
				LastSwiftUpdateCheck = 1240;
				LastUpgradeCheck = 1240;
				TargetAttributes = {
					EA1E373C25E028BB00C88BAF = {
						CreatedOnToolsVersion = 12.4;
					};
				};
			};
			buildConfigurationList = EA1E373825E028BB00C88BAF /* Build configuration list for PBXProject "SwiftUI-Jam-2020" */;
			compatibilityVersion = "Xcode 9.3";
			developmentRegion = en;
			hasScannedForEncodings = 0;
			knownRegions = (
				en,
				Base,
			);
			mainGroup = EA1E373425E028BB00C88BAF;
			packageReferences = (
				EA1E377F25E02C4800C88BAF /* XCRemoteSwiftPackageReference "SwiftUIX" */,
			);
			productRefGroup = EA1E373E25E028BB00C88BAF /* Products */;
			projectDirPath = "";
			projectRoot = "";
			targets = (
				EA1E373C25E028BB00C88BAF /* SwiftUI-Jam-2020 */,
			);
		};
/* End PBXProject section */

/* Begin PBXResourcesBuildPhase section */
		EA1E373B25E028BB00C88BAF /* Resources */ = {
			isa = PBXResourcesBuildPhase;
			buildActionMask = 2147483647;
			files = (
				EA1E374D25E028C000C88BAF /* LaunchScreen.storyboard in Resources */,
				EA1E374A25E028C000C88BAF /* Preview Assets.xcassets in Resources */,
				EA1E374725E028C000C88BAF /* Assets.xcassets in Resources */,
			);
			runOnlyForDeploymentPostprocessing = 0;
		};
/* End PBXResourcesBuildPhase section */

/* Begin PBXSourcesBuildPhase section */
		EA1E373925E028BB00C88BAF /* Sources */ = {
			isa = PBXSourcesBuildPhase;
			buildActionMask = 2147483647;
			files = (
				EA1E377325E02B8B00C88BAF /* SlideAnimatedTransitioning.swift in Sources */,
				EA1E374125E028BB00C88BAF /* AppDelegate.swift in Sources */,
				EA1E378525E02CD100C88BAF /* iPodClassic.swift in Sources */,
				EA1E379525E0308900C88BAF /* PlayShape.swift in Sources */,
				EA1E379225E0306400C88BAF /* iPodStatusBar.swift in Sources */,
				EA8F6D9925E0529800ED99D4 /* Test.swift in Sources */,
				EA71B0A025E0F4EE00FCF427 /* iPodDisplay.swift in Sources */,
				EA1E377425E02B8B00C88BAF /* SwipeRightToPopViewController.swift in Sources */,
				EA5E76EF25E1FAC2004587E2 /* PlaylistListViewModel.swift in Sources */,
				EA8F6D9C25E052AE00ED99D4 /* MusicMenuViewModel.swift in Sources */,
				EA1E376725E02B8B00C88BAF /* TextField+ClearButton.swift in Sources */,
				EA71B0A525E0F64300FCF427 /* DisplayViewModel.swift in Sources */,
				EAEE65AA25E1958A003A654A /* OnboardingView.swift in Sources */,
				EA5E76EC25E1FAA1004587E2 /* PlaylistsListView.swift in Sources */,
				EA5E76E525E1BACE004587E2 /* SongsListView.swift in Sources */,
				EAEE65A725E1958A003A654A /* OnboardingiPodDisplay.swift in Sources */,
				EA1E376A25E02B8B00C88BAF /* TRunBlock.swift in Sources */,
				EA1E377025E02B8B00C88BAF /* TRoundCorners.swift in Sources */,
				EAEE65A625E1958A003A654A /* OnboardingPage.swift in Sources */,
				EA1E374325E028BB00C88BAF /* SceneDelegate.swift in Sources */,
				EAE0A3ED25E0B8EB00632290 /* MusicMenu.swift in Sources */,
				EA1E376925E02B8B00C88BAF /* THaptics.swift in Sources */,
				EAEE65A925E1958A003A654A /* iPodSlides.swift in Sources */,
				EA1E374525E028BB00C88BAF /* ContentView.swift in Sources */,
				EA1E377225E02B8B00C88BAF /* AnimatableFontSize.swift in Sources */,
				EA71B0A825E168EB00FCF427 /* NowPlayingView.swift in Sources */,
				EAEE65A825E1958A003A654A /* OnboardingScene.swift in Sources */,
				EAE0A3E925E0B7F300632290 /* MenuViewModel.swift in Sources */,
				EA1E379825E030C800C88BAF /* SoundManager.swift in Sources */,
				EA1E378A25E0300C00C88BAF /* MainMenu.swift in Sources */,
				EA1E376B25E02B8B00C88BAF /* TBlurView.swift in Sources */,
				EA5E76E825E1BB6A004587E2 /* SongsListViewModel.swift in Sources */,
				EA71B0AB25E1692E00FCF427 /* NowPlayingViewModel.swift in Sources */,
				EA1E376C25E02B8B00C88BAF /* TNonDismissableSheet.swift in Sources */,
				EA8F6D9F25E0573E00ED99D4 /* MusicManager.swift in Sources */,
				EA1E378E25E0304300C88BAF /* iPodClickWheel.swift in Sources */,
				EA1E376F25E02B8B00C88BAF /* TConditionalModifier.swift in Sources */,
				EA1E376E25E02B8B00C88BAF /* TFloatingButtonShadow.swift in Sources */,
				EA1E376D25E02B8B00C88BAF /* TFillerZView.swift in Sources */,
				EA1E376825E02B8B00C88BAF /* TTapDismissKeyboard.swift in Sources */,
				EA1E377125E02B8B00C88BAF /* Extensions.swift in Sources */,
				EAE0A3E525E09A1800632290 /* MainMenuViewModel.swift in Sources */,
			);
			runOnlyForDeploymentPostprocessing = 0;
		};
/* End PBXSourcesBuildPhase section */

/* Begin PBXVariantGroup section */
		EA1E374B25E028C000C88BAF /* LaunchScreen.storyboard */ = {
			isa = PBXVariantGroup;
			children = (
				EA1E374C25E028C000C88BAF /* Base */,
			);
			name = LaunchScreen.storyboard;
			sourceTree = "<group>";
		};
/* End PBXVariantGroup section */

/* Begin XCBuildConfiguration section */
		EA1E374F25E028C000C88BAF /* Debug */ = {
			isa = XCBuildConfiguration;
			buildSettings = {
				ALWAYS_SEARCH_USER_PATHS = NO;
				CLANG_ANALYZER_NONNULL = YES;
				CLANG_ANALYZER_NUMBER_OBJECT_CONVERSION = YES_AGGRESSIVE;
				CLANG_CXX_LANGUAGE_STANDARD = "gnu++14";
				CLANG_CXX_LIBRARY = "libc++";
				CLANG_ENABLE_MODULES = YES;
				CLANG_ENABLE_OBJC_ARC = YES;
				CLANG_ENABLE_OBJC_WEAK = YES;
				CLANG_WARN_BLOCK_CAPTURE_AUTORELEASING = YES;
				CLANG_WARN_BOOL_CONVERSION = YES;
				CLANG_WARN_COMMA = YES;
				CLANG_WARN_CONSTANT_CONVERSION = YES;
				CLANG_WARN_DEPRECATED_OBJC_IMPLEMENTATIONS = YES;
				CLANG_WARN_DIRECT_OBJC_ISA_USAGE = YES_ERROR;
				CLANG_WARN_DOCUMENTATION_COMMENTS = YES;
				CLANG_WARN_EMPTY_BODY = YES;
				CLANG_WARN_ENUM_CONVERSION = YES;
				CLANG_WARN_INFINITE_RECURSION = YES;
				CLANG_WARN_INT_CONVERSION = YES;
				CLANG_WARN_NON_LITERAL_NULL_CONVERSION = YES;
				CLANG_WARN_OBJC_IMPLICIT_RETAIN_SELF = YES;
				CLANG_WARN_OBJC_LITERAL_CONVERSION = YES;
				CLANG_WARN_OBJC_ROOT_CLASS = YES_ERROR;
				CLANG_WARN_QUOTED_INCLUDE_IN_FRAMEWORK_HEADER = YES;
				CLANG_WARN_RANGE_LOOP_ANALYSIS = YES;
				CLANG_WARN_STRICT_PROTOTYPES = YES;
				CLANG_WARN_SUSPICIOUS_MOVE = YES;
				CLANG_WARN_UNGUARDED_AVAILABILITY = YES_AGGRESSIVE;
				CLANG_WARN_UNREACHABLE_CODE = YES;
				CLANG_WARN__DUPLICATE_METHOD_MATCH = YES;
				COPY_PHASE_STRIP = NO;
				DEBUG_INFORMATION_FORMAT = dwarf;
				ENABLE_STRICT_OBJC_MSGSEND = YES;
				ENABLE_TESTABILITY = YES;
				GCC_C_LANGUAGE_STANDARD = gnu11;
				GCC_DYNAMIC_NO_PIC = NO;
				GCC_NO_COMMON_BLOCKS = YES;
				GCC_OPTIMIZATION_LEVEL = 0;
				GCC_PREPROCESSOR_DEFINITIONS = (
					"DEBUG=1",
					"$(inherited)",
				);
				GCC_WARN_64_TO_32_BIT_CONVERSION = YES;
				GCC_WARN_ABOUT_RETURN_TYPE = YES_ERROR;
				GCC_WARN_UNDECLARED_SELECTOR = YES;
				GCC_WARN_UNINITIALIZED_AUTOS = YES_AGGRESSIVE;
				GCC_WARN_UNUSED_FUNCTION = YES;
				GCC_WARN_UNUSED_VARIABLE = YES;
				IPHONEOS_DEPLOYMENT_TARGET = 14.0;
				MTL_ENABLE_DEBUG_INFO = INCLUDE_SOURCE;
				MTL_FAST_MATH = YES;
				ONLY_ACTIVE_ARCH = YES;
				SDKROOT = iphoneos;
				SWIFT_ACTIVE_COMPILATION_CONDITIONS = DEBUG;
				SWIFT_OPTIMIZATION_LEVEL = "-Onone";
			};
			name = Debug;
		};
		EA1E375025E028C000C88BAF /* Release */ = {
			isa = XCBuildConfiguration;
			buildSettings = {
				ALWAYS_SEARCH_USER_PATHS = NO;
				CLANG_ANALYZER_NONNULL = YES;
				CLANG_ANALYZER_NUMBER_OBJECT_CONVERSION = YES_AGGRESSIVE;
				CLANG_CXX_LANGUAGE_STANDARD = "gnu++14";
				CLANG_CXX_LIBRARY = "libc++";
				CLANG_ENABLE_MODULES = YES;
				CLANG_ENABLE_OBJC_ARC = YES;
				CLANG_ENABLE_OBJC_WEAK = YES;
				CLANG_WARN_BLOCK_CAPTURE_AUTORELEASING = YES;
				CLANG_WARN_BOOL_CONVERSION = YES;
				CLANG_WARN_COMMA = YES;
				CLANG_WARN_CONSTANT_CONVERSION = YES;
				CLANG_WARN_DEPRECATED_OBJC_IMPLEMENTATIONS = YES;
				CLANG_WARN_DIRECT_OBJC_ISA_USAGE = YES_ERROR;
				CLANG_WARN_DOCUMENTATION_COMMENTS = YES;
				CLANG_WARN_EMPTY_BODY = YES;
				CLANG_WARN_ENUM_CONVERSION = YES;
				CLANG_WARN_INFINITE_RECURSION = YES;
				CLANG_WARN_INT_CONVERSION = YES;
				CLANG_WARN_NON_LITERAL_NULL_CONVERSION = YES;
				CLANG_WARN_OBJC_IMPLICIT_RETAIN_SELF = YES;
				CLANG_WARN_OBJC_LITERAL_CONVERSION = YES;
				CLANG_WARN_OBJC_ROOT_CLASS = YES_ERROR;
				CLANG_WARN_QUOTED_INCLUDE_IN_FRAMEWORK_HEADER = YES;
				CLANG_WARN_RANGE_LOOP_ANALYSIS = YES;
				CLANG_WARN_STRICT_PROTOTYPES = YES;
				CLANG_WARN_SUSPICIOUS_MOVE = YES;
				CLANG_WARN_UNGUARDED_AVAILABILITY = YES_AGGRESSIVE;
				CLANG_WARN_UNREACHABLE_CODE = YES;
				CLANG_WARN__DUPLICATE_METHOD_MATCH = YES;
				COPY_PHASE_STRIP = NO;
				DEBUG_INFORMATION_FORMAT = "dwarf-with-dsym";
				ENABLE_NS_ASSERTIONS = NO;
				ENABLE_STRICT_OBJC_MSGSEND = YES;
				GCC_C_LANGUAGE_STANDARD = gnu11;
				GCC_NO_COMMON_BLOCKS = YES;
				GCC_WARN_64_TO_32_BIT_CONVERSION = YES;
				GCC_WARN_ABOUT_RETURN_TYPE = YES_ERROR;
				GCC_WARN_UNDECLARED_SELECTOR = YES;
				GCC_WARN_UNINITIALIZED_AUTOS = YES_AGGRESSIVE;
				GCC_WARN_UNUSED_FUNCTION = YES;
				GCC_WARN_UNUSED_VARIABLE = YES;
				IPHONEOS_DEPLOYMENT_TARGET = 14.0;
				MTL_ENABLE_DEBUG_INFO = NO;
				MTL_FAST_MATH = YES;
				SDKROOT = iphoneos;
				SWIFT_COMPILATION_MODE = wholemodule;
				SWIFT_OPTIMIZATION_LEVEL = "-O";
				VALIDATE_PRODUCT = YES;
			};
			name = Release;
		};
		EA1E375225E028C000C88BAF /* Debug */ = {
			isa = XCBuildConfiguration;
			buildSettings = {
				ASSETCATALOG_COMPILER_APPICON_NAME = AppIcon;
				ASSETCATALOG_COMPILER_GLOBAL_ACCENT_COLOR_NAME = AccentColor;
				CODE_SIGN_STYLE = Automatic;
				DEVELOPMENT_ASSET_PATHS = "\"SwiftUI-Jam-2020/Supporting Files/Preview Content\"";
				DEVELOPMENT_TEAM = U5KYHQSZAZ;
				ENABLE_PREVIEWS = YES;
				INFOPLIST_FILE = "SwiftUI-Jam-2020/Supporting Files/Info.plist";
				LD_RUNPATH_SEARCH_PATHS = (
					"$(inherited)",
					"@executable_path/Frameworks",
				);
				PRODUCT_BUNDLE_IDENTIFIER = "com.mnabokow.SwiftUI-Jam-2020";
				PRODUCT_NAME = "$(TARGET_NAME)";
				SWIFT_VERSION = 5.0;
				TARGETED_DEVICE_FAMILY = "1,2";
			};
			name = Debug;
		};
		EA1E375325E028C000C88BAF /* Release */ = {
			isa = XCBuildConfiguration;
			buildSettings = {
				ASSETCATALOG_COMPILER_APPICON_NAME = AppIcon;
				ASSETCATALOG_COMPILER_GLOBAL_ACCENT_COLOR_NAME = AccentColor;
				CODE_SIGN_STYLE = Automatic;
				DEVELOPMENT_ASSET_PATHS = "\"SwiftUI-Jam-2020/Supporting Files/Preview Content\"";
				DEVELOPMENT_TEAM = MC27HKM86M;
				ENABLE_PREVIEWS = YES;
				INFOPLIST_FILE = "SwiftUI-Jam-2020/Supporting Files/Info.plist";
				LD_RUNPATH_SEARCH_PATHS = (
					"$(inherited)",
					"@executable_path/Frameworks",
				);
				PRODUCT_BUNDLE_IDENTIFIER = "com.mnabokow.SwiftUI-Jam-2020";
				PRODUCT_NAME = "$(TARGET_NAME)";
				SWIFT_VERSION = 5.0;
				TARGETED_DEVICE_FAMILY = "1,2";
			};
			name = Release;
		};
/* End XCBuildConfiguration section */

/* Begin XCConfigurationList section */
		EA1E373825E028BB00C88BAF /* Build configuration list for PBXProject "SwiftUI-Jam-2020" */ = {
			isa = XCConfigurationList;
			buildConfigurations = (
				EA1E374F25E028C000C88BAF /* Debug */,
				EA1E375025E028C000C88BAF /* Release */,
			);
			defaultConfigurationIsVisible = 0;
			defaultConfigurationName = Release;
		};
		EA1E375125E028C000C88BAF /* Build configuration list for PBXNativeTarget "SwiftUI-Jam-2020" */ = {
			isa = XCConfigurationList;
			buildConfigurations = (
				EA1E375225E028C000C88BAF /* Debug */,
				EA1E375325E028C000C88BAF /* Release */,
			);
			defaultConfigurationIsVisible = 0;
			defaultConfigurationName = Release;
		};
/* End XCConfigurationList section */

/* Begin XCRemoteSwiftPackageReference section */
		EA1E377F25E02C4800C88BAF /* XCRemoteSwiftPackageReference "SwiftUIX" */ = {
			isa = XCRemoteSwiftPackageReference;
			repositoryURL = "https://github.com/SwiftUIX/SwiftUIX.git";
			requirement = {
				kind = upToNextMajorVersion;
				minimumVersion = 0.0.5;
			};
		};
/* End XCRemoteSwiftPackageReference section */

/* Begin XCSwiftPackageProductDependency section */
		EA1E378025E02C4800C88BAF /* SwiftUIX */ = {
			isa = XCSwiftPackageProductDependency;
			package = EA1E377F25E02C4800C88BAF /* XCRemoteSwiftPackageReference "SwiftUIX" */;
			productName = SwiftUIX;
		};
/* End XCSwiftPackageProductDependency section */
	};
	rootObject = EA1E373525E028BB00C88BAF /* Project object */;
}
